
Microsoft Visual Studio Solution File, Format Version 12.00
# Visual Studio Version 16
VisualStudioVersion = 16.0.29409.12
MinimumVisualStudioVersion = 10.0.40219.1
Project("{FAE04EC0-301F-11D3-BF4B-00C04F79EFBC}") = "Acelera.Domain", "Acelera.Domain\Acelera.Domain.csproj", "{E2564765-084E-4573-973F-2E1A3BC798B9}"
EndProject
Project("{FAE04EC0-301F-11D3-BF4B-00C04F79EFBC}") = "Acelera.Testes", "Acelera.Testes\Acelera.Testes.csproj", "{C951F7FD-12E4-47B8-ACED-A108F88C7E7A}"
EndProject
Project("{FAE04EC0-301F-11D3-BF4B-00C04F79EFBC}") = "Acelera.Logger", "Acelera.Logger\Acelera.Logger.csproj", "{A31F4CF3-5E4C-4F12-9D99-AD5DC5DE6604}"
EndProject
Project("{FAE04EC0-301F-11D3-BF4B-00C04F79EFBC}") = "Acelera.Utils", "Acelera.Utils\Acelera.Utils.csproj", "{2DC50378-CD97-4910-BE49-737DD530345E}"
EndProject
Project("{FAE04EC0-301F-11D3-BF4B-00C04F79EFBC}") = "Acelera.Data", "Acelera.Data\Acelera.Data.csproj", "{D87FCB24-4A72-418F-8F43-F2212AE2FACA}"
EndProject
Project("{FAE04EC0-301F-11D3-BF4B-00C04F79EFBC}") = "Editor", "Editor\Editor.csproj", "{00542908-A0AB-46F1-82C1-15EC13EF5A29}"
EndProject
Project("{FAE04EC0-301F-11D3-BF4B-00C04F79EFBC}") = "Acelera.Contratos", "Acelera.Contratos\Acelera.Contratos.csproj", "{0C0F9D0D-575B-4641-9AD8-5D2F40DA62B0}"
EndProject
Project("{9A19103F-16F7-4668-BE54-9A1E7A4F7556}") = "Acelera.Specflow", "Acelera.Specflow\Acelera.Specflow.csproj", "{67D43441-A598-4A41-9605-BD339E83269D}"
EndProject
Project("{FAE04EC0-301F-11D3-BF4B-00C04F79EFBC}") = "Acelera.RegrasNegocio", "Acelera.RegrasNegocio\Acelera.RegrasNegocio.csproj", "{BAE33BCB-C1EC-4171-838A-FA4741FFBA77}"
EndProject
Global
	GlobalSection(SolutionConfigurationPlatforms) = preSolution
		Debug|Any CPU = Debug|Any CPU
		Release|Any CPU = Release|Any CPU
	EndGlobalSection
	GlobalSection(ProjectConfigurationPlatforms) = postSolution
		{E2564765-084E-4573-973F-2E1A3BC798B9}.Debug|Any CPU.ActiveCfg = Debug|Any CPU
		{E2564765-084E-4573-973F-2E1A3BC798B9}.Debug|Any CPU.Build.0 = Debug|Any CPU
		{E2564765-084E-4573-973F-2E1A3BC798B9}.Release|Any CPU.ActiveCfg = Release|Any CPU
		{E2564765-084E-4573-973F-2E1A3BC798B9}.Release|Any CPU.Build.0 = Release|Any CPU
		{C951F7FD-12E4-47B8-ACED-A108F88C7E7A}.Debug|Any CPU.ActiveCfg = Debug|Any CPU
		{C951F7FD-12E4-47B8-ACED-A108F88C7E7A}.Debug|Any CPU.Build.0 = Debug|Any CPU
		{C951F7FD-12E4-47B8-ACED-A108F88C7E7A}.Release|Any CPU.ActiveCfg = Release|Any CPU
		{C951F7FD-12E4-47B8-ACED-A108F88C7E7A}.Release|Any CPU.Build.0 = Release|Any CPU
		{A31F4CF3-5E4C-4F12-9D99-AD5DC5DE6604}.Debug|Any CPU.ActiveCfg = Debug|Any CPU
		{A31F4CF3-5E4C-4F12-9D99-AD5DC5DE6604}.Debug|Any CPU.Build.0 = Debug|Any CPU
		{A31F4CF3-5E4C-4F12-9D99-AD5DC5DE6604}.Release|Any CPU.ActiveCfg = Release|Any CPU
		{A31F4CF3-5E4C-4F12-9D99-AD5DC5DE6604}.Release|Any CPU.Build.0 = Release|Any CPU
		{2DC50378-CD97-4910-BE49-737DD530345E}.Debug|Any CPU.ActiveCfg = Debug|Any CPU
		{2DC50378-CD97-4910-BE49-737DD530345E}.Debug|Any CPU.Build.0 = Debug|Any CPU
		{2DC50378-CD97-4910-BE49-737DD530345E}.Release|Any CPU.ActiveCfg = Release|Any CPU
		{2DC50378-CD97-4910-BE49-737DD530345E}.Release|Any CPU.Build.0 = Release|Any CPU
		{D87FCB24-4A72-418F-8F43-F2212AE2FACA}.Debug|Any CPU.ActiveCfg = Debug|Any CPU
		{D87FCB24-4A72-418F-8F43-F2212AE2FACA}.Debug|Any CPU.Build.0 = Debug|Any CPU
		{D87FCB24-4A72-418F-8F43-F2212AE2FACA}.Release|Any CPU.ActiveCfg = Release|Any CPU
		{D87FCB24-4A72-418F-8F43-F2212AE2FACA}.Release|Any CPU.Build.0 = Release|Any CPU
		{00542908-A0AB-46F1-82C1-15EC13EF5A29}.Debug|Any CPU.ActiveCfg = Debug|Any CPU
		{00542908-A0AB-46F1-82C1-15EC13EF5A29}.Debug|Any CPU.Build.0 = Debug|Any CPU
		{00542908-A0AB-46F1-82C1-15EC13EF5A29}.Release|Any CPU.ActiveCfg = Release|Any CPU
		{00542908-A0AB-46F1-82C1-15EC13EF5A29}.Release|Any CPU.Build.0 = Release|Any CPU
		{0C0F9D0D-575B-4641-9AD8-5D2F40DA62B0}.Debug|Any CPU.ActiveCfg = Debug|Any CPU
		{0C0F9D0D-575B-4641-9AD8-5D2F40DA62B0}.Debug|Any CPU.Build.0 = Debug|Any CPU
		{0C0F9D0D-575B-4641-9AD8-5D2F40DA62B0}.Release|Any CPU.ActiveCfg = Release|Any CPU
		{0C0F9D0D-575B-4641-9AD8-5D2F40DA62B0}.Release|Any CPU.Build.0 = Release|Any CPU
		{67D43441-A598-4A41-9605-BD339E83269D}.Debug|Any CPU.ActiveCfg = Debug|Any CPU
		{67D43441-A598-4A41-9605-BD339E83269D}.Debug|Any CPU.Build.0 = Debug|Any CPU
		{67D43441-A598-4A41-9605-BD339E83269D}.Release|Any CPU.ActiveCfg = Release|Any CPU
		{67D43441-A598-4A41-9605-BD339E83269D}.Release|Any CPU.Build.0 = Release|Any CPU
		{BAE33BCB-C1EC-4171-838A-FA4741FFBA77}.Debug|Any CPU.ActiveCfg = Debug|Any CPU
		{BAE33BCB-C1EC-4171-838A-FA4741FFBA77}.Debug|Any CPU.Build.0 = Debug|Any CPU
		{BAE33BCB-C1EC-4171-838A-FA4741FFBA77}.Release|Any CPU.ActiveCfg = Release|Any CPU
		{BAE33BCB-C1EC-4171-838A-FA4741FFBA77}.Release|Any CPU.Build.0 = Release|Any CPU
	EndGlobalSection
	GlobalSection(SolutionProperties) = preSolution
		HideSolutionNode = FALSE
	EndGlobalSection
	GlobalSection(ExtensibilityGlobals) = postSolution
		SolutionGuid = {6FA5C1A3-C758-460A-9B46-01D048C60E3B}
	EndGlobalSection
EndGlobal
